
Microsoft Visual Studio Solution File, Format Version 12.00
# Visual Studio Version 17
VisualStudioVersion = 17.9.34607.119
MinimumVisualStudioVersion = 10.0.40219.1
Project("{FAE04EC0-301F-11D3-BF4B-00C04F79EFBC}") = "Assignmet-1", "Assignmet-1\Assignmet-1.csproj", "{70EDE53C-1AB9-4CFE-B387-217E8526322B}"
EndProject
Global
	GlobalSection(SolutionConfigurationPlatforms) = preSolution
		Debug|Any CPU = Debug|Any CPU
		Release|Any CPU = Release|Any CPU
	EndGlobalSection
	GlobalSection(ProjectConfigurationPlatforms) = postSolution
		{70EDE53C-1AB9-4CFE-B387-217E8526322B}.Debug|Any CPU.ActiveCfg = Debug|Any CPU
		{70EDE53C-1AB9-4CFE-B387-217E8526322B}.Debug|Any CPU.Build.0 = Debug|Any CPU
		{70EDE53C-1AB9-4CFE-B387-217E8526322B}.Release|Any CPU.ActiveCfg = Release|Any CPU
		{70EDE53C-1AB9-4CFE-B387-217E8526322B}.Release|Any CPU.Build.0 = Release|Any CPU
	EndGlobalSection
	GlobalSection(SolutionProperties) = preSolution
		HideSolutionNode = FALSE
	EndGlobalSection
	GlobalSection(ExtensibilityGlobals) = postSolution
		SolutionGuid = {93F10E31-9721-4FF1-B9DC-02ED96AD7ACD}
	EndGlobalSection
EndGlobal
